# THIS IS AN AUTOGENERATED FILE. DO NOT EDIT THIS FILE DIRECTLY.
# yarn lockfile v1


"@calcit/procs@^0.4.16":
  version "0.4.16"
  resolved "https://registry.npmjs.org/@calcit/procs/-/procs-0.4.16.tgz#addf40975ae5754ddd9eb41a8447a6cb36effffa"
  integrity sha512-p5weafSY6gsb/CIQgHwFoG/NXASJWzpYAjcgCXID6+01jRB7zIMira5gMDxGkLDJ2DiPq0mBu0lFth0g6gWcJA==
  dependencies:
    "@calcit/ternary-tree" "0.0.16"
    "@cirru/parser.ts" "^0.0.3"
    "@cirru/writer.ts" "^0.1.3"

"@calcit/ternary-tree@0.0.16":
  version "0.0.16"
  resolved "https://registry.npmjs.org/@calcit/ternary-tree/-/ternary-tree-0.0.16.tgz#8932ab23fea3c3d13e61671b06ca3b38c2244736"
  integrity sha512-SsYe0qXRutmPKLvkDYydqQx+i5pDdlkkOAyGqyCHlcvknHj1oMEue4N0FBNN0VhgWxplCS5VXqMgSIL/rWktpA==

"@cirru/parser.ts@^0.0.3":
  version "0.0.3"
  resolved "https://registry.npmjs.org/@cirru/parser.ts/-/parser.ts-0.0.3.tgz#b0ba91ac9812631d0ac0b943922ebb4d04314066"
  integrity sha512-Tdj4yd2nL1vxUm9aKqmuclAIRbVm7K3WJEqAzDAnR7oL7Iygwt7JzquRakm8DbSuNFsW7gazDS7wNJF5iowEoQ==

"@cirru/writer.ts@^0.1.3":
  version "0.1.3"
  resolved "https://registry.npmjs.org/@cirru/writer.ts/-/writer.ts-0.1.3.tgz#5f54bdecaa20ba3dab16cbe6da711854138a9c0a"
  integrity sha512-vJnhmhm7we5UfQIwmZfQpF3bAFbVybzT6LbmkbQHxgijaQg3gPfNVsnSIa3g3KpmWVtvkzEx+nUy5aMwsJiV1A==

argparse@^1.0.10:
  version "1.0.10"
  resolved "https://registry.npm.taobao.org/argparse/download/argparse-1.0.10.tgz#bcd6791ea5ae09725e17e5ad988134cd40b3d911"
  integrity sha1-vNZ5HqWuCXJeF+WtmIE0zUCz2RE=
  dependencies:
    sprintf-js "~1.0.2"

autolinker@^3.11.0:
  version "3.14.2"
  resolved "https://registry.npm.taobao.org/autolinker/download/autolinker-3.14.2.tgz#71856274eb768fb7149039e24d3a2be2f5c55a63"
  integrity sha1-cYVidOt2j7cUkDniTTor4vXFWmM=
  dependencies:
    tslib "^1.9.3"

axios@^0.21.1:
  version "0.21.1"
  resolved "https://registry.yarnpkg.com/axios/-/axios-0.21.1.tgz#22563481962f4d6bde9a76d516ef0e5d3c09b2b8"
  integrity sha512-dKQiRHxGD9PPRIUNIWvZhPTPpl1rf/OxTYKsqKUDjBwYylTvV7SjSHJb9ratfyzM6wCdLCOYLzs73qpg5c4iGA==
  dependencies:
    follow-redirects "^1.10.0"

bottom-tip@^0.1.2:
  version "0.1.2"
  resolved "https://registry.npmjs.org/bottom-tip/-/bottom-tip-0.1.2.tgz#bcc352105918ab612943fcb23d52b6655c1f9eee"
  integrity sha512-dcSNWBje5i3rdAumhxHzUy2uIJ9aDbjjedmhcxXEfv4Gv1b/YTHyh7SBr/Wdy3N0XQRrLhDdOiSUEl9Sgi/4qg==
  dependencies:
    virtual-dom "^2.1.1"

browser-split@0.0.1:
  version "0.0.1"
  resolved "https://registry.npmjs.org/browser-split/-/browser-split-0.0.1.tgz#7b097574f8e3ead606fb4664e64adfdda2981a93"
  integrity sha1-ewl1dPjj6tYG+0Zk5krf3aKYGpM=

camelize@^1.0.0:
  version "1.0.0"
  resolved "https://registry.npmjs.org/camelize/-/camelize-1.0.0.tgz#164a5483e630fa4321e5af07020e531831b2609b"
  integrity sha1-FkpUg+Yw+kMh5a8HAg5TGDGyYJs=

cirru-color@^0.2.0:
  version "0.2.0"
  resolved "https://registry.npm.taobao.org/cirru-color/download/cirru-color-0.2.0.tgz#ef2633130254bb6f848294fada631b18d72d067a"
  integrity sha1-7yYzEwJUu2+EgpT62mMbGNctBno=

classnames@^2.2.5:
  version "2.2.6"
  resolved "https://registry.npm.taobao.org/classnames/download/classnames-2.2.6.tgz#43935bffdd291f326dad0a205309b38d00f650ce"
  integrity sha1-Q5Nb/90pHzJtrQogUwmzjQD2UM4=

colorette@^1.2.2:
  version "1.3.0"
  resolved "https://registry.npmjs.org/colorette/-/colorette-1.3.0.tgz#ff45d2f0edb244069d3b772adeb04fed38d0a0af"
  integrity sha512-ecORCqbSFP7Wm8Y6lyqMJjexBQqXSF7SSeaTyGGphogUjBlFP9m9o08wy86HL2uB7fMTxtOUzLMk7ogKcxMg1w==

core-js@^3.1.3:
  version "3.8.1"
  resolved "https://registry.npm.taobao.org/core-js/download/core-js-3.8.1.tgz?cache=0&sync_timestamp=1607215907966&other_urls=https%3A%2F%2Fregistry.npm.taobao.org%2Fcore-js%2Fdownload%2Fcore-js-3.8.1.tgz#f51523668ac8a294d1285c3b9db44025fda66d47"
  integrity sha1-9RUjZorIopTRKFw7nbRAJf2mbUc=

dom-walk@^0.1.0:
  version "0.1.2"
  resolved "https://registry.npmjs.org/dom-walk/-/dom-walk-0.1.2.tgz#0c548bef048f4d1f2a97249002236060daa3fd84"
  integrity sha512-6QvTW9mrGeIegrFXdtQi9pk7O/nSK6lSdXW2eqUspN5LWD7UTji2Fqw5V2YLjBpHEoU9Xl/eUWNpDeZvoyOv2w==

error@^4.3.0:
  version "4.4.0"
  resolved "https://registry.npmjs.org/error/-/error-4.4.0.tgz#bf69ff251fb4a279c19adccdaa6b61e90d9bf12a"
  integrity sha1-v2n/JR+0onnBmtzNqmth6Q2b8So=
  dependencies:
    camelize "^1.0.0"
    string-template "~0.2.0"
    xtend "~4.0.0"

esbuild@^0.11.0:
  version "0.11.23"
  resolved "https://registry.npmjs.org/esbuild/-/esbuild-0.11.23.tgz#c42534f632e165120671d64db67883634333b4b8"
  integrity sha512-iaiZZ9vUF5wJV8ob1tl+5aJTrwDczlvGP0JoMmnpC2B0ppiMCu8n8gmy5ZTGl5bcG081XBVn+U+jP+mPFm5T5Q==

esbuild@^0.12.17:
  version "0.12.21"
  resolved "https://registry.npmjs.org/esbuild/-/esbuild-0.12.21.tgz#7ff32a9ac73ce4310f9cb61ea4c3da9756570d46"
  integrity sha512-7hyXbU3g94aREufI/5nls7Xcc+RGQeZWZApm6hoBaFvt2BPtpT4TjFMQ9Tb1jU8XyBGz00ShmiyflCogphMHFQ==

estrella@^1.4.1:
  version "1.4.1"
  resolved "https://registry.npmjs.org/estrella/-/estrella-1.4.1.tgz#6971a710a91d38abe3ced6f6ffa68c0c6e08d369"
  integrity sha512-h8vlec27CFxw+8uYFtgbvLvohx0v+IssCwb/haTQnI+kO2WaL0ApSTWxg49LneAtqrZkrnYVwXQB2ZgyIIAImw==
  dependencies:
    esbuild "^0.11.0"
  optionalDependencies:
    fsevents "~2.3.1"

ev-store@^7.0.0:
  version "7.0.0"
  resolved "https://registry.npmjs.org/ev-store/-/ev-store-7.0.0.tgz#1ab0c7f82136505dd74b31d17701cb2be6d26558"
  integrity sha1-GrDH+CE2UF3XSzHRdwHLK+bSZVg=
  dependencies:
    individual "^3.0.0"

feather-icons@^4.28.0:
  version "4.28.0"
  resolved "https://registry.npm.taobao.org/feather-icons/download/feather-icons-4.28.0.tgz#e1892a401fe12c4559291770ff6e68b0168e760f"
  integrity sha1-4YkqQB/hLEVZKRdw/25osBaOdg8=
  dependencies:
    classnames "^2.2.5"
    core-js "^3.1.3"

follow-redirects@^1.10.0:
  version "1.13.0"
  resolved "https://registry.npm.taobao.org/follow-redirects/download/follow-redirects-1.13.0.tgz#b42e8d93a2a7eea5ed88633676d6597bc8e384db"
  integrity sha1-tC6Nk6Kn7qXtiGM2dtZZe8jjhNs=

fsevents@~2.3.1, fsevents@~2.3.2:
  version "2.3.2"
  resolved "https://registry.npmjs.org/fsevents/-/fsevents-2.3.2.tgz#8a526f78b8fdf4623b709e0b975c52c24c02fd1a"
  integrity sha512-xiqMQR4xAeHTuB9uWm+fFRcIOgKBMiOBP+eXiyT7jsgVCq1bkVygt00oASowB7EdtpOHaaPgKt812P9ab+DDKA==

function-bind@^1.1.1:
  version "1.1.1"
  resolved "https://registry.npmjs.org/function-bind/-/function-bind-1.1.1.tgz#a56899d3ea3c9bab874bb9773b7c5ede92f4895d"
  integrity sha512-yIovAzMX49sF8Yl58fSCWJ5svSLuaibPxXQJFLmBObTuCr0Mf1KiPopGM9NiFjiYBCbfaa2Fh6breQ6ANVTI0A==

global@^4.3.0:
  version "4.4.0"
  resolved "https://registry.npmjs.org/global/-/global-4.4.0.tgz#3e7b105179006a323ed71aafca3e9c57a5cc6406"
  integrity sha512-wv/LAoHdRE3BeTGz53FAamhGlPLhlssK45usmGFThIi4XqnBmjKQ16u+RNbP7WvigRZDxUsM0J3gcQ5yicaL0w==
  dependencies:
    min-document "^2.19.0"
    process "^0.11.10"

has@^1.0.3:
  version "1.0.3"
  resolved "https://registry.npmjs.org/has/-/has-1.0.3.tgz#722d7cbfc1f6aa8241f16dd814e011e1f41e8796"
  integrity sha512-f2dvO0VU6Oej7RkWJGrehjbzMAjFp5/VKPp5tTpWIV4JHHZK1/BxbFRtf/siA2SWTe09caDmVtYYzWEIbBS4zw==
  dependencies:
    function-bind "^1.1.1"

highlight.js@^10.4.1:
  version "10.4.1"
  resolved "https://registry.npm.taobao.org/highlight.js/download/highlight.js-10.4.1.tgz#d48fbcf4a9971c4361b3f95f302747afe19dbad0"
  integrity sha1-1I+89KmXHENhs/lfMCdHr+GdutA=

individual@^3.0.0:
  version "3.0.0"
  resolved "https://registry.npmjs.org/individual/-/individual-3.0.0.tgz#e7ca4f85f8957b018734f285750dc22ec2f9862d"
  integrity sha1-58pPhfiVewGHNPKFdQ3CLsL5hi0=

is-core-module@^2.2.0:
  version "2.6.0"
  resolved "https://registry.npmjs.org/is-core-module/-/is-core-module-2.6.0.tgz#d7553b2526fe59b92ba3e40c8df757ec8a709e19"
  integrity sha512-wShG8vs60jKfPWpF2KZRaAtvt3a20OAn7+IJ6hLPECpSABLcKtFKTTI4ZtH5QcBruBHlq+WsdHWyz0BCZW7svQ==
  dependencies:
    has "^1.0.3"

is-object@^1.0.1:
  version "1.0.2"
  resolved "https://registry.npmjs.org/is-object/-/is-object-1.0.2.tgz#a56552e1c665c9e950b4a025461da87e72f86fcf"
  integrity sha512-2rRIahhZr2UWb45fIOuvZGpFtz0TyOZLf32KxBbSoUCeZR495zCKlWUKKUByk3geS2eAs7ZAABt0Y/Rx0GiQGA==

min-document@^2.19.0:
  version "2.19.0"
  resolved "https://registry.npmjs.org/min-document/-/min-document-2.19.0.tgz#7bd282e3f5842ed295bb748cdd9f1ffa2c824685"
  integrity sha1-e9KC4/WELtKVu3SM3Z8f+iyCRoU=
  dependencies:
    dom-walk "^0.1.0"

nanoid@^2.1.0:
  version "2.1.11"
  resolved "https://registry.npm.taobao.org/nanoid/download/nanoid-2.1.11.tgz?cache=0&sync_timestamp=1606833976706&other_urls=https%3A%2F%2Fregistry.npm.taobao.org%2Fnanoid%2Fdownload%2Fnanoid-2.1.11.tgz#ec24b8a758d591561531b4176a01e3ab4f0f0280"
  integrity sha1-7CS4p1jVkVYVMbQXagHjq08PAoA=

nanoid@^3.1.23:
  version "3.1.25"
  resolved "https://registry.npmjs.org/nanoid/-/nanoid-3.1.25.tgz#09ca32747c0e543f0e1814b7d3793477f9c8e152"
  integrity sha512-rdwtIXaXCLFAQbnfqDRnI6jaRHp9fTcYBjtFKE8eezcZ7LuLjhUaQGNeMXf1HmRoCH32CLz6XwX0TtxEOS/A3Q==

next-tick@^0.2.2:
  version "0.2.2"
  resolved "https://registry.npmjs.org/next-tick/-/next-tick-0.2.2.tgz#75da4a927ee5887e39065880065b7336413b310d"
  integrity sha1-ddpKkn7liH45BliABltzNkE7MQ0=

path-parse@^1.0.6:
  version "1.0.7"
  resolved "https://registry.npmjs.org/path-parse/-/path-parse-1.0.7.tgz#fbc114b60ca42b30d9daf5858e4bd68bbedb6735"
  integrity sha512-LDJzPVEEEPR+y48z93A0Ed0yXb8pAByGWo/k5YYdYgpY2/2EsOsksJrq7lOHxryrVOn1ejG6oAp8ahvOIQD8sw==

postcss@^8.3.6:
  version "8.3.6"
  resolved "https://registry.npmjs.org/postcss/-/postcss-8.3.6.tgz#2730dd76a97969f37f53b9a6096197be311cc4ea"
  integrity sha512-wG1cc/JhRgdqB6WHEuyLTedf3KIRuD0hG6ldkFEZNCjRxiC+3i6kkWUUbiJQayP28iwG35cEmAbe98585BYV0A==
  dependencies:
    colorette "^1.2.2"
    nanoid "^3.1.23"
    source-map-js "^0.6.2"

process@^0.11.10:
  version "0.11.10"
  resolved "https://registry.npm.taobao.org/process/download/process-0.11.10.tgz#7332300e840161bda3e69a1d1d91a7d4bc16f182"
  integrity sha1-czIwDoQBYb2j5podHZGn1LwW8YI=

remarkable@^2.0.1:
  version "2.0.1"
  resolved "https://registry.npm.taobao.org/remarkable/download/remarkable-2.0.1.tgz#280ae6627384dfb13d98ee3995627ca550a12f31"
  integrity sha1-KArmYnOE37E9mO45lWJ8pVChLzE=
  dependencies:
    argparse "^1.0.10"
    autolinker "^3.11.0"

resolve@^1.20.0:
  version "1.20.0"
  resolved "https://registry.npmjs.org/resolve/-/resolve-1.20.0.tgz#629a013fb3f70755d6f0b7935cc1c2c5378b1975"
  integrity sha512-wENBPt4ySzg4ybFQW2TT1zMQucPK95HSh/nq2CFTZVOGut2+pQvSsgtda4d26YrYcr067wjbmzOG8byDPBX63A==
  dependencies:
    is-core-module "^2.2.0"
    path-parse "^1.0.6"

rollup@^2.38.5:
  version "2.56.2"
  resolved "https://registry.npmjs.org/rollup/-/rollup-2.56.2.tgz#a045ff3f6af53ee009b5f5016ca3da0329e5470f"
  integrity sha512-s8H00ZsRi29M2/lGdm1u8DJpJ9ML8SUOpVVBd33XNeEeL3NVaTiUcSBHzBdF3eAyR0l7VSpsuoVUGrRHq7aPwQ==
  optionalDependencies:
    fsevents "~2.3.2"

shortid@^2.2.16:
  version "2.2.16"
  resolved "https://registry.npm.taobao.org/shortid/download/shortid-2.2.16.tgz#b742b8f0cb96406fd391c76bfc18a67a57fe5608"
  integrity sha1-t0K48MuWQG/Tkcdr/Bimelf+Vgg=
  dependencies:
    nanoid "^2.1.0"

source-map-js@^0.6.2:
  version "0.6.2"
  resolved "https://registry.npmjs.org/source-map-js/-/source-map-js-0.6.2.tgz#0bb5de631b41cfbda6cfba8bd05a80efdfd2385e"
  integrity sha512-/3GptzWzu0+0MBQFrDKzw/DvvMTUORvgY6k6jd/VS6iCR4RDTKWH6v6WPwQoUO8667uQEf9Oe38DxAYWY5F/Ug==

sprintf-js@~1.0.2:
  version "1.0.3"
  resolved "https://registry.npm.taobao.org/sprintf-js/download/sprintf-js-1.0.3.tgz#04e6926f662895354f3dd015203633b857297e2c"
  integrity sha1-BOaSb2YolTVPPdAVIDYzuFcpfiw=

string-template@~0.2.0:
  version "0.2.1"
  resolved "https://registry.npmjs.org/string-template/-/string-template-0.2.1.tgz#42932e598a352d01fc22ec3367d9d84eec6c9add"
  integrity sha1-QpMuWYo1LQH8IuwzZ9nYTuxsmt0=

tslib@^1.9.3:
  version "1.14.1"
  resolved "https://registry.npm.taobao.org/tslib/download/tslib-1.14.1.tgz#cf2d38bdc34a134bcaf1091c41f6619e2f672d00"
  integrity sha1-zy04vcNKE0vK8QkcQfZhni9nLQA=

virtual-dom@^2.1.1:
  version "2.1.1"
  resolved "https://registry.npmjs.org/virtual-dom/-/virtual-dom-2.1.1.tgz#80eda2d481b9ede0c049118cefcb4a05f21d1375"
  integrity sha1-gO2i1IG57eDASRGM78tKBfIdE3U=
  dependencies:
    browser-split "0.0.1"
    error "^4.3.0"
    ev-store "^7.0.0"
    global "^4.3.0"
    is-object "^1.0.1"
    next-tick "^0.2.2"
    x-is-array "0.1.0"
    x-is-string "0.1.0"

vite@^2.4.4:
  version "2.5.0"
  resolved "https://registry.npmjs.org/vite/-/vite-2.5.0.tgz#111ba3679432d426e44566acf480005a7914cbd6"
  integrity sha512-Dn4B+g54PJsMG5WCc4QeFy1ygMXRdTtFrUPegqfk4+vzVQcbF/DqqmI/1bxezArzbujBJg/67QeT5wz8edfJVQ==
  dependencies:
    esbuild "^0.12.17"
    postcss "^8.3.6"
    resolve "^1.20.0"
    rollup "^2.38.5"
  optionalDependencies:
    fsevents "~2.3.2"

x-is-array@0.1.0:
  version "0.1.0"
  resolved "https://registry.npmjs.org/x-is-array/-/x-is-array-0.1.0.tgz#de520171d47b3f416f5587d629b89d26b12dc29d"
  integrity sha1-3lIBcdR7P0FvVYfWKbidJrEtwp0=

x-is-string@0.1.0:
  version "0.1.0"
  resolved "https://registry.npmjs.org/x-is-string/-/x-is-string-0.1.0.tgz#474b50865af3a49a9c4657f05acd145458f77d82"
  integrity sha1-R0tQhlrzpJqcRlfwWs0UVFj3fYI=

xtend@~4.0.0:
  version "4.0.2"
  resolved "https://registry.npmjs.org/xtend/-/xtend-4.0.2.tgz#bb72779f5fa465186b1f438f674fa347fdb5db54"
  integrity sha512-LKYU1iAXJXUgAXn9URjiu+MWhyUXHsvfp7mcuYm9dSUKK0/CjtrUwFAxD82/mCWbtLsGjFIad0wIsod4zrTAEQ==
